
Microsoft Visual Studio Solution File, Format Version 12.00
# Visual Studio Version 17
VisualStudioVersion = 17.14.36202.13 d17.14
MinimumVisualStudioVersion = 10.0.40219.1
Project("{FAE04EC0-301F-11D3-BF4B-00C04F79EFBC}") = "Calculator", "Calculator\Calculator.csproj", "{F08639D6-2673-48EA-8338-225190408851}"
EndProject
Global
	GlobalSection(SolutionConfigurationPlatforms) = preSolution
		Debug|Any CPU = Debug|Any CPU
		Release|Any CPU = Release|Any CPU
	EndGlobalSection
	GlobalSection(ProjectConfigurationPlatforms) = postSolution
		{F08639D6-2673-48EA-8338-225190408851}.Debug|Any CPU.ActiveCfg = Debug|Any CPU
		{F08639D6-2673-48EA-8338-225190408851}.Debug|Any CPU.Build.0 = Debug|Any CPU
		{F08639D6-2673-48EA-8338-225190408851}.Release|Any CPU.ActiveCfg = Release|Any CPU
		{F08639D6-2673-48EA-8338-225190408851}.Release|Any CPU.Build.0 = Release|Any CPU
	EndGlobalSection
	GlobalSection(SolutionProperties) = preSolution
		HideSolutionNode = FALSE
	EndGlobalSection
	GlobalSection(ExtensibilityGlobals) = postSolution
		SolutionGuid = {FA4C9731-E82E-418E-A8A7-81F0B897CD21}
	EndGlobalSection
EndGlobal
